{
  "name": "mmm-flipclock",
  "version": "1.0.0",
  "lockfileVersion": 3,
  "requires": true,
  "packages": {
    "": {
      "name": "mmm-flipclock",
      "version": "1.0.0",
      "license": "MIT",
      "dependencies": {
        "@pqina/flip": "^1.8.3"
      }
    },
    "node_modules/@pqina/flip": {
      "version": "1.8.3",
      "resolved": "https://registry.npmjs.org/@pqina/flip/-/flip-1.8.3.tgz",
      "integrity": "sha512-KxlpF4xlnykYfR2TeAWtKEegWuZ6NA4ySDt+I7HLU25BIgG3EoQF3n5fFIq38cvhs4MfCoBk7UAcjolS90DYGQ==",
      "license": "MIT"
    }
  }
}
