{
  "name": "mmm-flipclock",
  "version": "1.0.0",
  "lockfileVersion": 3,
  "requires": true,
  "packages": {
    "": {
      "name": "mmm-flipclock",
      "version": "1.0.0",
      "license": "MIT",
      "dependencies": {
        "@pqina/flip": "^1.8.4"
      }
    },
    "node_modules/@pqina/flip": {
      "version": "1.8.4",
      "resolved": "https://registry.npmjs.org/@pqina/flip/-/flip-1.8.4.tgz",
      "integrity": "sha512-vOOGo23t0egDHOhnNeDwHdSQVT1p8l+MetwpZPd+5xEYjvZR6FNUaWYqLki3XFfMijro9YpYuljInCaLhO62dQ==",
      "license": "MIT"
    }
  }
}
